
Microsoft Visual Studio Solution File, Format Version 12.00
# Visual Studio Version 16
VisualStudioVersion = 25.0.1706.1
MinimumVisualStudioVersion = 10.0.40219.1
Project("{FAE04EC0-301F-11D3-BF4B-00C04F79EFBC}") = "Excercise4", "Excercise4\Excercise4.csproj", "{02A8444D-5818-4D89-A3D9-C1698C53E211}"
EndProject
Global
	GlobalSection(SolutionConfigurationPlatforms) = preSolution
		Debug|Any CPU = Debug|Any CPU
		Release|Any CPU = Release|Any CPU
	EndGlobalSection
	GlobalSection(ProjectConfigurationPlatforms) = postSolution
		{02A8444D-5818-4D89-A3D9-C1698C53E211}.Debug|Any CPU.ActiveCfg = Debug|Any CPU
		{02A8444D-5818-4D89-A3D9-C1698C53E211}.Debug|Any CPU.Build.0 = Debug|Any CPU
		{02A8444D-5818-4D89-A3D9-C1698C53E211}.Release|Any CPU.ActiveCfg = Release|Any CPU
		{02A8444D-5818-4D89-A3D9-C1698C53E211}.Release|Any CPU.Build.0 = Release|Any CPU
	EndGlobalSection
	GlobalSection(SolutionProperties) = preSolution
		HideSolutionNode = FALSE
	EndGlobalSection
	GlobalSection(ExtensibilityGlobals) = postSolution
		SolutionGuid = {19874B47-8521-4586-8E89-58C9403655DB}
	EndGlobalSection
EndGlobal
